
Microsoft Visual Studio Solution File, Format Version 12.00
# Visual Studio Version 17
VisualStudioVersion = 17.0.31611.283
MinimumVisualStudioVersion = 10.0.40219.1
Project("{9A19103F-16F7-4668-BE54-9A1E7A4F7556}") = "MauiDesktopApp", "MauiDesktopApp.csproj", "{580087DC-F6A7-442F-B96A-81F55BDD87C1}"
EndProject
Project("{2150E333-8FDC-42A3-9474-1A3956D46DE8}") = "Solution Items", "Solution Items", "{93ECD4AC-038A-458F-A0A6-A19D108E8AAD}"
	ProjectSection(SolutionItems) = preProject
		..\PDF.md = ..\PDF.md
		..\README.md = ..\README.md
	EndProjectSection
EndProject
Global
	GlobalSection(SolutionConfigurationPlatforms) = preSolution
		Debug|Any CPU = Debug|Any CPU
		Release|Any CPU = Release|Any CPU
	EndGlobalSection
	GlobalSection(ProjectConfigurationPlatforms) = postSolution
		{580087DC-F6A7-442F-B96A-81F55BDD87C1}.Debug|Any CPU.ActiveCfg = Debug|Any CPU
		{580087DC-F6A7-442F-B96A-81F55BDD87C1}.Debug|Any CPU.Build.0 = Debug|Any CPU
		{580087DC-F6A7-442F-B96A-81F55BDD87C1}.Debug|Any CPU.Deploy.0 = Debug|Any CPU
		{580087DC-F6A7-442F-B96A-81F55BDD87C1}.Release|Any CPU.ActiveCfg = Release|Any CPU
		{580087DC-F6A7-442F-B96A-81F55BDD87C1}.Release|Any CPU.Build.0 = Release|Any CPU
		{580087DC-F6A7-442F-B96A-81F55BDD87C1}.Release|Any CPU.Deploy.0 = Release|Any CPU
	EndGlobalSection
	GlobalSection(SolutionProperties) = preSolution
		HideSolutionNode = FALSE
	EndGlobalSection
	GlobalSection(ExtensibilityGlobals) = postSolution
		SolutionGuid = {61F7FB11-1E47-470C-91E2-47F8143E1572}
	EndGlobalSection
EndGlobal
